
Microsoft Visual Studio Solution File, Format Version 12.00
# Visual Studio Version 17
VisualStudioVersion = 17.4.33122.133
MinimumVisualStudioVersion = 10.0.40219.1
Project("{9A19103F-16F7-4668-BE54-9A1E7A4F7556}") = "Ave.Extensions.Functional.Core", "Ave.Extensions.Functional.Core\Ave.Extensions.Functional.Core.csproj", "{D0672F43-5291-4565-A9C4-83963F69108C}"
EndProject
Project("{FAE04EC0-301F-11D3-BF4B-00C04F79EFBC}") = "UnitTests.Extensions.Functional.Core", "UnitTests.Extensions.Functional.Core\UnitTests.Extensions.Functional.Core.csproj", "{08A38FBB-0D75-4B22-AD2B-FA28F7DAD7D4}"
EndProject
Global
	GlobalSection(SolutionConfigurationPlatforms) = preSolution
		Debug|Any CPU = Debug|Any CPU
		Release|Any CPU = Release|Any CPU
	EndGlobalSection
	GlobalSection(ProjectConfigurationPlatforms) = postSolution
		{D0672F43-5291-4565-A9C4-83963F69108C}.Debug|Any CPU.ActiveCfg = Debug|Any CPU
		{D0672F43-5291-4565-A9C4-83963F69108C}.Debug|Any CPU.Build.0 = Debug|Any CPU
		{D0672F43-5291-4565-A9C4-83963F69108C}.Release|Any CPU.ActiveCfg = Release|Any CPU
		{D0672F43-5291-4565-A9C4-83963F69108C}.Release|Any CPU.Build.0 = Release|Any CPU
		{08A38FBB-0D75-4B22-AD2B-FA28F7DAD7D4}.Debug|Any CPU.ActiveCfg = Debug|Any CPU
		{08A38FBB-0D75-4B22-AD2B-FA28F7DAD7D4}.Debug|Any CPU.Build.0 = Debug|Any CPU
		{08A38FBB-0D75-4B22-AD2B-FA28F7DAD7D4}.Release|Any CPU.ActiveCfg = Release|Any CPU
		{08A38FBB-0D75-4B22-AD2B-FA28F7DAD7D4}.Release|Any CPU.Build.0 = Release|Any CPU
	EndGlobalSection
	GlobalSection(SolutionProperties) = preSolution
		HideSolutionNode = FALSE
	EndGlobalSection
	GlobalSection(ExtensibilityGlobals) = postSolution
		SolutionGuid = {92EC1E8B-A705-4149-93E2-FA417931D711}
	EndGlobalSection
EndGlobal
